{
  "name": "claude-review-bot",
  "lockfileVersion": 3,
  "requires": true,
  "packages": {
    "": {
      "name": "claude-review-bot",
      "dependencies": {
        "@anthropic-ai/claude-agent-sdk": "0.3.247"
      }
    },
    "node_modules/@anthropic-ai/claude-agent-sdk": {
      "version": "0.3.247",
      "resolved": "https://registry.npmjs.org/@anthropic-ai/claude-agent-sdk/-/claude-agent-sdk-0.3.247.tgz",
      "integrity": "sha512-T9BDPloZxABkGREDRbWA7TVa9SLBMWI5GQXw39+XotQLCIX3McRic9OJdUnAdXa7sutwQ4nNrXwTSazN4IphjA==",
      "engines": {
        "node": ">=18.0.0"
      },
      "optionalDependencies": {
        "@anthropic-ai/claude-agent-sdk-darwin-arm64": "0.3.247",
        "@anthropic-ai/claude-agent-sdk-darwin-x64": "0.3.247",
        "@anthropic-ai/claude-agent-sdk-linux-arm64": "0.3.247",
        "@anthropic-ai/claude-agent-sdk-linux-arm64-musl": "0.3.247",
        "@anthropic-ai/claude-agent-sdk-linux-x64": "0.3.247",
        "@anthropic-ai/claude-agent-sdk-linux-x64-musl": "0.3.247",
        "@anthropic-ai/claude-agent-sdk-win32-arm64": "0.3.247",
        "@anthropic-ai/claude-agent-sdk-win32-x64": "0.3.247"
      },
      "peerDependencies": {
        "@anthropic-ai/sdk": ">=0.93.0",
        "@modelcontextprotocol/sdk": "^1.29.0",
        "zod": "^4.0.0"
      }
    },
    "node_modules/@anthropic-ai/claude-agent-sdk-darwin-arm64": {
      "version": "0.3.247",
      "resolved": "https://registry.npmjs.org/@anthropic-ai/claude-agent-sdk-darwin-arm64/-/claude-agent-sdk-darwin-arm64-0.3.247.tgz",
      "integrity": "sha512-vvCMAXy2KmiGHbJuThv+W6a+49qjofMR6S71FM8FTbkAAKg62cYcEyzVMVM3pNpBM5PtkMe8lRCqKnT9NUo6ng==",
      "cpu": ["arm64"],
      "os": ["darwin"],
      "optional": true
    },
    "node_modules/@anthropic-ai/claude-agent-sdk-darwin-x64": {
      "version": "0.3.247",
      "resolved": "https://registry.npmjs.org/@anthropic-ai/claude-agent-sdk-darwin-x64/-/claude-agent-sdk-darwin-x64-0.3.247.tgz",
      "integrity": "sha512-742ZXrdAxHvw+vzMFJMMvfbH8mWWCBajQH27BT+3fQU3Frjqu9gXKvA63dvQgxwjqO1gYU9TSy/A6PKq7zujaQ==",
      "cpu": ["x64"],
      "os": ["darwin"],
      "optional": true
    },
    "node_modules/@anthropic-ai/claude-agent-sdk-linux-arm64": {
      "version": "0.3.247",
      "resolved": "https://registry.npmjs.org/@anthropic-ai/claude-agent-sdk-linux-arm64/-/claude-agent-sdk-linux-arm64-0.3.247.tgz",
      "integrity": "sha512-5/3ZQ9vOwrLv6w0CFjdbaTxPFyabHNLAEojkeiYmKzqlZ/taXG58/kVKgjqgx2qQhjcHCzy9JXDw5kp3RKJoGw==",
      "cpu": ["arm64"],
      "os": ["linux"],
      "optional": true
    },
    "node_modules/@anthropic-ai/claude-agent-sdk-linux-arm64-musl": {
      "version": "0.3.247",
      "resolved": "https://registry.npmjs.org/@anthropic-ai/claude-agent-sdk-linux-arm64-musl/-/claude-agent-sdk-linux-arm64-musl-0.3.247.tgz",
      "integrity": "sha512-8UNRQcSy9lpLhknXryid5cTfxHxBZft4oK5R0XIIZUXY/tXvsNP3+kVYAHQUNyc1J8IDa15sd19iKkMJMqFodA==",
      "cpu": ["arm64"],
      "os": ["linux"],
      "optional": true
    },
    "node_modules/@anthropic-ai/claude-agent-sdk-linux-x64": {
      "version": "0.3.247",
      "resolved": "https://registry.npmjs.org/@anthropic-ai/claude-agent-sdk-linux-x64/-/claude-agent-sdk-linux-x64-0.3.247.tgz",
      "integrity": "sha512-+tEIHgblLvBF+datSZb9WwnODXsFI7JxSFvm++oliH0eQO5zGDq0LD0hbY6h/A3nqODnBbIwVVBykwXMn68GPg==",
      "cpu": ["x64"],
      "os": ["linux"],
      "optional": true
    },
    "node_modules/@anthropic-ai/claude-agent-sdk-linux-x64-musl": {
      "version": "0.3.247",
      "resolved": "https://registry.npmjs.org/@anthropic-ai/claude-agent-sdk-linux-x64-musl/-/claude-agent-sdk-linux-x64-musl-0.3.247.tgz",
      "integrity": "sha512-iMLjkVHbcxQ5WY2WwieOJK57kD4c8Cc2tpHwpEmdTDsnWLfmNt3XFuJdmeROwyra+tcVA52oHL0dWr51+V50Pg==",
      "cpu": ["x64"],
      "os": ["linux"],
      "optional": true
    },
    "node_modules/@anthropic-ai/claude-agent-sdk-win32-arm64": {
      "version": "0.3.247",
      "resolved": "https://registry.npmjs.org/@anthropic-ai/claude-agent-sdk-win32-arm64/-/claude-agent-sdk-win32-arm64-0.3.247.tgz",
      "integrity": "sha512-Sni6U2xR55bUEJRv7Eikm6oC27IOn3rlVJZAzXRFCAgkf9+aBqq/dEUJiIcRT2xbXOIe5QdPGUmpnYfU1BsHMw==",
      "cpu": ["arm64"],
      "os": ["win32"],
      "optional": true
    },
    "node_modules/@anthropic-ai/claude-agent-sdk-win32-x64": {
      "version": "0.3.247",
      "resolved": "https://registry.npmjs.org/@anthropic-ai/claude-agent-sdk-win32-x64/-/claude-agent-sdk-win32-x64-0.3.247.tgz",
      "integrity": "sha512-yWfZo2ER3EIS/3pv6EX1M/VrZXu+zFzKhgWJjGgFSlcupbaCAxrVBRTdCyfv5UYBKWH9kl5HjgV2HhLHq67LSw==",
      "cpu": ["x64"],
      "os": ["win32"],
      "optional": true
    }
  }
}
